
Microsoft Visual Studio Solution File, Format Version 12.00
# Visual Studio Version 16
VisualStudioVersion = 16.0.31229.75
MinimumVisualStudioVersion = 10.0.40219.1
Project("{FAE04EC0-301F-11D3-BF4B-00C04F79EFBC}") = "Clientes", "Clientes.csproj", "{8E4B49E7-A7ED-4A27-9C3C-875923F7E5CB}"
EndProject
Project("{FAE04EC0-301F-11D3-BF4B-00C04F79EFBC}") = "Repository", "..\Repository\Repository.csproj", "{2C4F42E6-E49B-4B6F-A66E-B73EC4964A7C}"
EndProject
Project("{FAE04EC0-301F-11D3-BF4B-00C04F79EFBC}") = "Service", "..\Service\Service.csproj", "{28F501E3-07BE-4974-BCB5-800DFF5F10AF}"
EndProject
Project("{FAE04EC0-301F-11D3-BF4B-00C04F79EFBC}") = "Model", "..\Model\Model.csproj", "{A266E58B-4A95-4CC6-A070-66504027FE38}"
EndProject
Global
	GlobalSection(SolutionConfigurationPlatforms) = preSolution
		Debug|Any CPU = Debug|Any CPU
		Release|Any CPU = Release|Any CPU
	EndGlobalSection
	GlobalSection(ProjectConfigurationPlatforms) = postSolution
		{8E4B49E7-A7ED-4A27-9C3C-875923F7E5CB}.Debug|Any CPU.ActiveCfg = Debug|Any CPU
		{8E4B49E7-A7ED-4A27-9C3C-875923F7E5CB}.Debug|Any CPU.Build.0 = Debug|Any CPU
		{8E4B49E7-A7ED-4A27-9C3C-875923F7E5CB}.Release|Any CPU.ActiveCfg = Release|Any CPU
		{8E4B49E7-A7ED-4A27-9C3C-875923F7E5CB}.Release|Any CPU.Build.0 = Release|Any CPU
		{2C4F42E6-E49B-4B6F-A66E-B73EC4964A7C}.Debug|Any CPU.ActiveCfg = Debug|Any CPU
		{2C4F42E6-E49B-4B6F-A66E-B73EC4964A7C}.Debug|Any CPU.Build.0 = Debug|Any CPU
		{2C4F42E6-E49B-4B6F-A66E-B73EC4964A7C}.Release|Any CPU.ActiveCfg = Release|Any CPU
		{2C4F42E6-E49B-4B6F-A66E-B73EC4964A7C}.Release|Any CPU.Build.0 = Release|Any CPU
		{28F501E3-07BE-4974-BCB5-800DFF5F10AF}.Debug|Any CPU.ActiveCfg = Debug|Any CPU
		{28F501E3-07BE-4974-BCB5-800DFF5F10AF}.Debug|Any CPU.Build.0 = Debug|Any CPU
		{28F501E3-07BE-4974-BCB5-800DFF5F10AF}.Release|Any CPU.ActiveCfg = Release|Any CPU
		{28F501E3-07BE-4974-BCB5-800DFF5F10AF}.Release|Any CPU.Build.0 = Release|Any CPU
		{A266E58B-4A95-4CC6-A070-66504027FE38}.Debug|Any CPU.ActiveCfg = Debug|Any CPU
		{A266E58B-4A95-4CC6-A070-66504027FE38}.Debug|Any CPU.Build.0 = Debug|Any CPU
		{A266E58B-4A95-4CC6-A070-66504027FE38}.Release|Any CPU.ActiveCfg = Release|Any CPU
		{A266E58B-4A95-4CC6-A070-66504027FE38}.Release|Any CPU.Build.0 = Release|Any CPU
	EndGlobalSection
	GlobalSection(SolutionProperties) = preSolution
		HideSolutionNode = FALSE
	EndGlobalSection
	GlobalSection(ExtensibilityGlobals) = postSolution
		SolutionGuid = {42C31020-C5A9-4DEC-8AFA-B0CD826B540B}
	EndGlobalSection
EndGlobal
